<?xml version="1.0" encoding="utf-8"?>
<Project ToolsVersion="4.0" xmlns="http://schemas.microsoft.com/developer/msbuild/2003">
  <ItemGroup>
    <Filter Include="Default">
      <UniqueIdentifier>{9e382506-2c6e-4f1c-8d49-36e54dff9fce}</UniqueIdentifier>
    </Filter>
    <Filter Include="02. Engine">
      <UniqueIdentifier>{7a64c6fe-049d-432b-bb11-95f14c762ac6}</UniqueIdentifier>
    </Filter>
    <Filter Include="01. Header">
      <UniqueIdentifier>{13b679ef-851e-4df9-876b-801f2491a6d8}</UniqueIdentifier>
    </Filter>
    <Filter Include="03. Device">
      <UniqueIdentifier>{64f8d9f4-e212-4681-a4fc-d54bdf1ef191}</UniqueIdentifier>
    </Filter>
    <Filter Include="Module">
      <UniqueIdentifier>{1052fe67-52d3-4035-b78a-988469bdb117}</UniqueIdentifier>
    </Filter>
    <Filter Include="HLSL">
      <UniqueIdentifier>{947a7154-0582-41f9-a5dc-ad2acc136eb7}</UniqueIdentifier>
    </Filter>
    <Filter Include="HLSL\2D">
      <UniqueIdentifier>{418b000d-84f6-430e-94e9-ed996aa28643}</UniqueIdentifier>
    </Filter>
    <Filter Include="04.Manager">
      <UniqueIdentifier>{00fcf74d-08be-4113-b9cf-3a2dedf5d32c}</UniqueIdentifier>
    </Filter>
    <Filter Include="04.Manager\01. TimeMgr">
      <UniqueIdentifier>{ac2a541e-e561-4056-a2db-3d7fdac2ed85}</UniqueIdentifier>
    </Filter>
    <Filter Include="04.Manager\02. PathMgr">
      <UniqueIdentifier>{e3c61b92-a4c3-4585-b157-075f852f729e}</UniqueIdentifier>
    </Filter>
    <Filter Include="04.Manager\03. KeyMgr">
      <UniqueIdentifier>{9727f968-408d-466f-a505-5d1e1248193f}</UniqueIdentifier>
    </Filter>
    <Filter Include="07.Asset">
      <UniqueIdentifier>{1fab62ce-d530-49e6-ae3f-c405349b8c21}</UniqueIdentifier>
    </Filter>
    <Filter Include="07.Asset\Mesh">
      <UniqueIdentifier>{46b4efb1-42b7-45c4-b152-cbb826716575}</UniqueIdentifier>
    </Filter>
    <Filter Include="07.Asset\Sound">
      <UniqueIdentifier>{7f12e8f1-2637-48fc-b5d8-7f471be122ba}</UniqueIdentifier>
    </Filter>
    <Filter Include="07.Asset\Texture">
      <UniqueIdentifier>{da31fed9-6489-4bea-96f4-56c8b6f91a1a}</UniqueIdentifier>
    </Filter>
    <Filter Include="07.Asset\Material">
      <UniqueIdentifier>{6a12cc5f-0a0a-48a3-9ebc-31903e3afdb1}</UniqueIdentifier>
    </Filter>
    <Filter Include="07.Asset\MeshData">
      <UniqueIdentifier>{627cf5ea-cef1-4f70-90eb-0b6d05af4b97}</UniqueIdentifier>
    </Filter>
    <Filter Include="07.Asset\Prefab">
      <UniqueIdentifier>{662de118-58ee-4f39-a3fb-7c4f8724ed96}</UniqueIdentifier>
    </Filter>
    <Filter Include="07.Asset\Shader">
      <UniqueIdentifier>{061ab1a6-5bd0-484d-a215-36f45033a6e0}</UniqueIdentifier>
    </Filter>
    <Filter Include="03. Device\ConstantBuffer">
      <UniqueIdentifier>{07caae36-1131-4e4c-83c2-ba0d5202a882}</UniqueIdentifier>
    </Filter>
    <Filter Include="07.Asset\Shader\GraphicShader">
      <UniqueIdentifier>{0ec499ce-98af-4750-967f-7f07712734d2}</UniqueIdentifier>
    </Filter>
    <Filter Include="07.Asset\Shader\ComputeShader">
      <UniqueIdentifier>{a4f6e0be-cc94-4a2c-a9fd-c1e94738291b}</UniqueIdentifier>
    </Filter>
    <Filter Include="04.Manager\04. AssetMgr">
      <UniqueIdentifier>{775d87ee-f124-479e-afba-64fa86c96ce9}</UniqueIdentifier>
    </Filter>
    <Filter Include="Scripts">
      <UniqueIdentifier>{b32da864-c121-4f06-9136-aa73f909310c}</UniqueIdentifier>
    </Filter>
    <Filter Include="06.GameObject">
      <UniqueIdentifier>{68c053f1-f641-4ddd-82cb-2b75c23f3c77}</UniqueIdentifier>
    </Filter>
    <Filter Include="07.Component">
      <UniqueIdentifier>{14de4157-038d-4c16-a4f4-18945427eb3e}</UniqueIdentifier>
    </Filter>
    <Filter Include="07.Component\01. Transform">
      <UniqueIdentifier>{18245767-c380-4ec6-972b-f9dadb018616}</UniqueIdentifier>
    </Filter>
    <Filter Include="07.Component\02. Camera">
      <UniqueIdentifier>{efa9c4e3-4ee8-4f10-9caa-736615ad2161}</UniqueIdentifier>
    </Filter>
    <Filter Include="07.Component\03. Collider2D">
      <UniqueIdentifier>{1f69aa59-87ed-47eb-8223-9c37c34537ea}</UniqueIdentifier>
    </Filter>
    <Filter Include="07.Component\04. Collider3D">
      <UniqueIdentifier>{b06ab7d8-61b5-4e43-abfe-db21e75aa260}</UniqueIdentifier>
    </Filter>
    <Filter Include="07.Component\05. Animator2D">
      <UniqueIdentifier>{9b603e6e-1921-4aea-83ad-2a372c26ae37}</UniqueIdentifier>
    </Filter>
    <Filter Include="07.Component\06. Animator3D">
      <UniqueIdentifier>{75f44209-e325-4c97-b0f5-bd9ae27ce8aa}</UniqueIdentifier>
    </Filter>
    <Filter Include="07.Component\Rendering">
      <UniqueIdentifier>{016c376a-fc9c-494c-aaa2-ac12870f37b4}</UniqueIdentifier>
    </Filter>
    <Filter Include="07.Component\Rendering\01. MeshRender">
      <UniqueIdentifier>{6b40ca96-2072-4857-8866-bd9f8a5fd300}</UniqueIdentifier>
    </Filter>
    <Filter Include="07.Component\Rendering\TileMap">
      <UniqueIdentifier>{80d92ff1-602b-422d-a140-939c5a9c6b1b}</UniqueIdentifier>
    </Filter>
    <Filter Include="07.Component\Rendering\ParticleSystem">
      <UniqueIdentifier>{26546785-ef94-4f9a-8c24-2178be35073e}</UniqueIdentifier>
    </Filter>
    <Filter Include="07.Component\Rendering\SkyBox">
      <UniqueIdentifier>{817d164a-bd63-455d-97ca-20cebe51e413}</UniqueIdentifier>
    </Filter>
    <Filter Include="07.Component\Rendering\Decal">
      <UniqueIdentifier>{80a9bf9e-9868-4762-ba1f-e90da9bde30d}</UniqueIdentifier>
    </Filter>
    <Filter Include="07.Component\07. Light2D">
      <UniqueIdentifier>{8e2b5c1d-9104-4901-b23c-51ec259a1e90}</UniqueIdentifier>
    </Filter>
    <Filter Include="07.Component\08. Light3D">
      <UniqueIdentifier>{06255a12-42f7-417f-a9b2-9a088d6318ec}</UniqueIdentifier>
    </Filter>
    <Filter Include="07.Component\Script">
      <UniqueIdentifier>{8f87bc58-da28-4218-8015-302fcbb705d4}</UniqueIdentifier>
    </Filter>
    <Filter Include="05. Level">
      <UniqueIdentifier>{380bd3fa-c703-4d90-914b-2d693f8d27f6}</UniqueIdentifier>
    </Filter>
    <Filter Include="04.Manager\05. LevelMgr">
      <UniqueIdentifier>{d205a3e1-7999-401e-a75f-12b9e654610f}</UniqueIdentifier>
    </Filter>
    <Filter Include="04.Manager\06. RenderMgr">
      <UniqueIdentifier>{8c213494-7919-4342-8a0e-a5d65f12b0d5}</UniqueIdentifier>
    </Filter>
  </ItemGroup>
  <ItemGroup>
    <ClInclude Include="pch.h">
      <Filter>Default</Filter>
    </ClInclude>
    <ClInclude Include="framework.h">
      <Filter>Default</Filter>
    </ClInclude>
    <ClInclude Include="CEngine.h">
      <Filter>02. Engine</Filter>
    </ClInclude>
    <ClInclude Include="global.h">
      <Filter>01. Header</Filter>
    </ClInclude>
    <ClInclude Include="CDevice.h">
      <Filter>03. Device</Filter>
    </ClInclude>
    <ClInclude Include="struct.h">
      <Filter>01. Header</Filter>
    </ClInclude>
    <ClInclude Include="SimpleMath.h">
      <Filter>Module</Filter>
    </ClInclude>
    <ClInclude Include="define.h">
      <Filter>01. Header</Filter>
    </ClInclude>
    <ClInclude Include="singleton.h">
      <Filter>Module</Filter>
    </ClInclude>
    <ClInclude Include="CTimeMgr.h">
      <Filter>04.Manager\01. TimeMgr</Filter>
    </ClInclude>
    <ClInclude Include="CPathMgr.h">
      <Filter>04.Manager\02. PathMgr</Filter>
    </ClInclude>
    <ClInclude Include="CKeyMgr.h">
      <Filter>04.Manager\03. KeyMgr</Filter>
    </ClInclude>
    <ClInclude Include="CEntity.h">
      <Filter>Module</Filter>
    </ClInclude>
    <ClInclude Include="CGameObject.h">
      <Filter>06.GameObject</Filter>
    </ClInclude>
    <ClInclude Include="CAsset.h">
      <Filter>07.Asset</Filter>
    </ClInclude>
    <ClInclude Include="CComponent.h">
      <Filter>07.Component</Filter>
    </ClInclude>
    <ClInclude Include="enum.h">
      <Filter>01. Header</Filter>
    </ClInclude>
    <ClInclude Include="CMesh.h">
      <Filter>07.Asset\Mesh</Filter>
    </ClInclude>
    <ClInclude Include="CConstBuffer.h">
      <Filter>03. Device\ConstantBuffer</Filter>
    </ClInclude>
    <ClInclude Include="func.h">
      <Filter>01. Header</Filter>
    </ClInclude>
    <ClInclude Include="CShader.h">
      <Filter>07.Asset\Shader</Filter>
    </ClInclude>
    <ClInclude Include="CGraphicShader.h">
      <Filter>07.Asset\Shader\GraphicShader</Filter>
    </ClInclude>
    <ClInclude Include="CComputeShader.h">
      <Filter>07.Asset\Shader\ComputeShader</Filter>
    </ClInclude>
    <ClInclude Include="CAssetMgr.h">
      <Filter>04.Manager\04. AssetMgr</Filter>
    </ClInclude>
    <ClInclude Include="ptr.h">
      <Filter>07.Asset</Filter>
    </ClInclude>
    <ClInclude Include="components.h">
      <Filter>01. Header</Filter>
    </ClInclude>
    <ClInclude Include="assets.h">
      <Filter>01. Header</Filter>
    </ClInclude>
    <ClInclude Include="CRenderComponent.h">
      <Filter>07.Component\Rendering</Filter>
    </ClInclude>
    <ClInclude Include="CTransform.h">
      <Filter>07.Component\01. Transform</Filter>
    </ClInclude>
    <ClInclude Include="CMeshRender.h">
      <Filter>07.Component\Rendering\01. MeshRender</Filter>
    </ClInclude>
    <ClInclude Include="CScript.h">
      <Filter>07.Component\Script</Filter>
    </ClInclude>
    <ClInclude Include="CPlayerScript.h">
      <Filter>Scripts</Filter>
    </ClInclude>
    <ClInclude Include="CLevel.h">
      <Filter>05. Level</Filter>
    </ClInclude>
    <ClInclude Include="CLayer.h">
      <Filter>05. Level</Filter>
    </ClInclude>
    <ClInclude Include="CLevelMgr.h">
      <Filter>04.Manager\05. LevelMgr</Filter>
    </ClInclude>
    <ClInclude Include="CTexture.h">
      <Filter>07.Asset\Texture</Filter>
    </ClInclude>
    <ClInclude Include="CCamera.h">
      <Filter>07.Component\02. Camera</Filter>
    </ClInclude>
    <ClInclude Include="CRenderMgr.h">
      <Filter>04.Manager\06. RenderMgr</Filter>
    </ClInclude>
    <ClInclude Include="CCameraMoveScript.h">
      <Filter>Scripts</Filter>
    </ClInclude>
  </ItemGroup>
  <ItemGroup>
    <ClCompile Include="Engine.cpp">
      <Filter>Default</Filter>
    </ClCompile>
    <ClCompile Include="pch.cpp">
      <Filter>Default</Filter>
    </ClCompile>
    <ClCompile Include="CEngine.cpp">
      <Filter>02. Engine</Filter>
    </ClCompile>
    <ClCompile Include="CDevice.cpp">
      <Filter>03. Device</Filter>
    </ClCompile>
    <ClCompile Include="CTimeMgr.cpp">
      <Filter>04.Manager\01. TimeMgr</Filter>
    </ClCompile>
    <ClCompile Include="CPathMgr.cpp">
      <Filter>04.Manager\02. PathMgr</Filter>
    </ClCompile>
    <ClCompile Include="CKeyMgr.cpp">
      <Filter>04.Manager\03. KeyMgr</Filter>
    </ClCompile>
    <ClCompile Include="CEntity.cpp">
      <Filter>Module</Filter>
    </ClCompile>
    <ClCompile Include="CGameObject.cpp">
      <Filter>06.GameObject</Filter>
    </ClCompile>
    <ClCompile Include="CAsset.cpp">
      <Filter>07.Asset</Filter>
    </ClCompile>
    <ClCompile Include="CComponent.cpp">
      <Filter>07.Component</Filter>
    </ClCompile>
    <ClCompile Include="CMesh.cpp">
      <Filter>07.Asset\Mesh</Filter>
    </ClCompile>
    <ClCompile Include="CConstBuffer.cpp">
      <Filter>03. Device\ConstantBuffer</Filter>
    </ClCompile>
    <ClCompile Include="CShader.cpp">
      <Filter>07.Asset\Shader</Filter>
    </ClCompile>
    <ClCompile Include="CGraphicShader.cpp">
      <Filter>07.Asset\Shader\GraphicShader</Filter>
    </ClCompile>
    <ClCompile Include="CComputeShader.cpp">
      <Filter>07.Asset\Shader\ComputeShader</Filter>
    </ClCompile>
    <ClCompile Include="CAssetMgr.cpp">
      <Filter>04.Manager\04. AssetMgr</Filter>
    </ClCompile>
    <ClCompile Include="CAssetMgr_Init.cpp">
      <Filter>04.Manager\04. AssetMgr</Filter>
    </ClCompile>
    <ClCompile Include="CRenderComponent.cpp">
      <Filter>07.Component\Rendering</Filter>
    </ClCompile>
    <ClCompile Include="CTransform.cpp">
      <Filter>07.Component\01. Transform</Filter>
    </ClCompile>
    <ClCompile Include="CMeshRender.cpp">
      <Filter>07.Component\Rendering\01. MeshRender</Filter>
    </ClCompile>
    <ClCompile Include="CScript.cpp">
      <Filter>07.Component\Script</Filter>
    </ClCompile>
    <ClCompile Include="CPlayerScript.cpp">
      <Filter>Scripts</Filter>
    </ClCompile>
    <ClCompile Include="CLevel.cpp">
      <Filter>05. Level</Filter>
    </ClCompile>
    <ClCompile Include="CLayer.cpp">
      <Filter>05. Level</Filter>
    </ClCompile>
    <ClCompile Include="CLevelMgr.cpp">
      <Filter>04.Manager\05. LevelMgr</Filter>
    </ClCompile>
    <ClCompile Include="CTexture.cpp">
      <Filter>07.Asset\Texture</Filter>
    </ClCompile>
    <ClCompile Include="CCamera.cpp">
      <Filter>07.Component\02. Camera</Filter>
    </ClCompile>
    <ClCompile Include="CRenderMgr.cpp">
      <Filter>04.Manager\06. RenderMgr</Filter>
    </ClCompile>
    <ClCompile Include="extern.cpp">
      <Filter>01. Header</Filter>
    </ClCompile>
    <ClCompile Include="CCameraMoveScript.cpp">
      <Filter>Scripts</Filter>
    </ClCompile>
  </ItemGroup>
  <ItemGroup>
    <None Include="SimpleMath.inl">
      <Filter>Module</Filter>
    </None>
  </ItemGroup>
  <ItemGroup>
    <FxCompile Include="std2d.fx">
      <Filter>HLSL\2D</Filter>
    </FxCompile>
  </ItemGroup>
</Project>