
Microsoft Visual Studio Solution File, Format Version 12.00
# Visual Studio Version 17
VisualStudioVersion = 17.12.35527.113
MinimumVisualStudioVersion = 10.0.40219.1
Project("{8BC9CEB8-8B4A-11D0-8D11-00A0C91BC942}") = "Client", "Project\Client\Client.vcxproj", "{4BEF66C0-836C-4FDC-A6CF-3299818D5CEE}"
	ProjectSection(ProjectDependencies) = postProject
		{23D510E9-AEAF-4072-95EF-F563EA124D6B} = {23D510E9-AEAF-4072-95EF-F563EA124D6B}
	EndProjectSection
EndProject
Project("{8BC9CEB8-8B4A-11D0-8D11-00A0C91BC942}") = "Engine", "Project\Engine\Engine.vcxproj", "{23D510E9-AEAF-4072-95EF-F563EA124D6B}"
EndProject
Global
	GlobalSection(SolutionConfigurationPlatforms) = preSolution
		Debug|x64 = Debug|x64
		Debug|x86 = Debug|x86
		Release|x64 = Release|x64
		Release|x86 = Release|x86
	EndGlobalSection
	GlobalSection(ProjectConfigurationPlatforms) = postSolution
		{4BEF66C0-836C-4FDC-A6CF-3299818D5CEE}.Debug|x64.ActiveCfg = Debug|x64
		{4BEF66C0-836C-4FDC-A6CF-3299818D5CEE}.Debug|x64.Build.0 = Debug|x64
		{4BEF66C0-836C-4FDC-A6CF-3299818D5CEE}.Debug|x86.ActiveCfg = Debug|Win32
		{4BEF66C0-836C-4FDC-A6CF-3299818D5CEE}.Debug|x86.Build.0 = Debug|Win32
		{4BEF66C0-836C-4FDC-A6CF-3299818D5CEE}.Release|x64.ActiveCfg = Release|x64
		{4BEF66C0-836C-4FDC-A6CF-3299818D5CEE}.Release|x64.Build.0 = Release|x64
		{4BEF66C0-836C-4FDC-A6CF-3299818D5CEE}.Release|x86.ActiveCfg = Release|Win32
		{4BEF66C0-836C-4FDC-A6CF-3299818D5CEE}.Release|x86.Build.0 = Release|Win32
		{23D510E9-AEAF-4072-95EF-F563EA124D6B}.Debug|x64.ActiveCfg = Debug|x64
		{23D510E9-AEAF-4072-95EF-F563EA124D6B}.Debug|x64.Build.0 = Debug|x64
		{23D510E9-AEAF-4072-95EF-F563EA124D6B}.Debug|x86.ActiveCfg = Debug|Win32
		{23D510E9-AEAF-4072-95EF-F563EA124D6B}.Debug|x86.Build.0 = Debug|Win32
		{23D510E9-AEAF-4072-95EF-F563EA124D6B}.Release|x64.ActiveCfg = Release|x64
		{23D510E9-AEAF-4072-95EF-F563EA124D6B}.Release|x64.Build.0 = Release|x64
		{23D510E9-AEAF-4072-95EF-F563EA124D6B}.Release|x86.ActiveCfg = Release|Win32
		{23D510E9-AEAF-4072-95EF-F563EA124D6B}.Release|x86.Build.0 = Release|Win32
	EndGlobalSection
	GlobalSection(SolutionProperties) = preSolution
		HideSolutionNode = FALSE
	EndGlobalSection
EndGlobal
